
Microsoft Visual Studio Solution File, Format Version 12.00
# Visual Studio Version 17
VisualStudioVersion = 17.1.32421.90
MinimumVisualStudioVersion = 10.0.40219.1
Project("{FAE04EC0-301F-11D3-BF4B-00C04F79EFBC}") = "TP1-3", "TP1-3\TP1-3.csproj", "{7D78B807-22FE-4D6C-80BE-2AEDA0F51E8B}"
EndProject
Global
	GlobalSection(SolutionConfigurationPlatforms) = preSolution
		Debug|Any CPU = Debug|Any CPU
		Release|Any CPU = Release|Any CPU
	EndGlobalSection
	GlobalSection(ProjectConfigurationPlatforms) = postSolution
		{7D78B807-22FE-4D6C-80BE-2AEDA0F51E8B}.Debug|Any CPU.ActiveCfg = Debug|Any CPU
		{7D78B807-22FE-4D6C-80BE-2AEDA0F51E8B}.Debug|Any CPU.Build.0 = Debug|Any CPU
		{7D78B807-22FE-4D6C-80BE-2AEDA0F51E8B}.Release|Any CPU.ActiveCfg = Release|Any CPU
		{7D78B807-22FE-4D6C-80BE-2AEDA0F51E8B}.Release|Any CPU.Build.0 = Release|Any CPU
	EndGlobalSection
	GlobalSection(SolutionProperties) = preSolution
		HideSolutionNode = FALSE
	EndGlobalSection
	GlobalSection(ExtensibilityGlobals) = postSolution
		SolutionGuid = {5A203458-1978-45B5-B4FA-6C9F6EB223C5}
	EndGlobalSection
EndGlobal
