
Microsoft Visual Studio Solution File, Format Version 12.00
# Visual Studio Version 17
VisualStudioVersion = 17.1.32421.90
MinimumVisualStudioVersion = 10.0.40219.1
Project("{FAE04EC0-301F-11D3-BF4B-00C04F79EFBC}") = "TP1-2", "TP1-2\TP1-2.csproj", "{43BC1686-75A5-4F00-A72A-685391AC45DA}"
EndProject
Global
	GlobalSection(SolutionConfigurationPlatforms) = preSolution
		Debug|Any CPU = Debug|Any CPU
		Release|Any CPU = Release|Any CPU
	EndGlobalSection
	GlobalSection(ProjectConfigurationPlatforms) = postSolution
		{43BC1686-75A5-4F00-A72A-685391AC45DA}.Debug|Any CPU.ActiveCfg = Debug|Any CPU
		{43BC1686-75A5-4F00-A72A-685391AC45DA}.Debug|Any CPU.Build.0 = Debug|Any CPU
		{43BC1686-75A5-4F00-A72A-685391AC45DA}.Release|Any CPU.ActiveCfg = Release|Any CPU
		{43BC1686-75A5-4F00-A72A-685391AC45DA}.Release|Any CPU.Build.0 = Release|Any CPU
	EndGlobalSection
	GlobalSection(SolutionProperties) = preSolution
		HideSolutionNode = FALSE
	EndGlobalSection
	GlobalSection(ExtensibilityGlobals) = postSolution
		SolutionGuid = {CD0CC95C-F51F-4403-BA49-266B85783D9B}
	EndGlobalSection
EndGlobal
