
Microsoft Visual Studio Solution File, Format Version 12.00
# Visual Studio Version 17
VisualStudioVersion = 17.1.32421.90
MinimumVisualStudioVersion = 10.0.40219.1
Project("{FAE04EC0-301F-11D3-BF4B-00C04F79EFBC}") = "TP2", "TP2\TP2.csproj", "{481A5907-62A6-4BB1-8F94-F7A0D4DC69E0}"
EndProject
Global
	GlobalSection(SolutionConfigurationPlatforms) = preSolution
		Debug|Any CPU = Debug|Any CPU
		Release|Any CPU = Release|Any CPU
	EndGlobalSection
	GlobalSection(ProjectConfigurationPlatforms) = postSolution
		{481A5907-62A6-4BB1-8F94-F7A0D4DC69E0}.Debug|Any CPU.ActiveCfg = Debug|Any CPU
		{481A5907-62A6-4BB1-8F94-F7A0D4DC69E0}.Debug|Any CPU.Build.0 = Debug|Any CPU
		{481A5907-62A6-4BB1-8F94-F7A0D4DC69E0}.Release|Any CPU.ActiveCfg = Release|Any CPU
		{481A5907-62A6-4BB1-8F94-F7A0D4DC69E0}.Release|Any CPU.Build.0 = Release|Any CPU
	EndGlobalSection
	GlobalSection(SolutionProperties) = preSolution
		HideSolutionNode = FALSE
	EndGlobalSection
	GlobalSection(ExtensibilityGlobals) = postSolution
		SolutionGuid = {02B52351-AC01-4937-ACC6-0D4933FCC3A8}
	EndGlobalSection
EndGlobal
