
Microsoft Visual Studio Solution File, Format Version 12.00
# Visual Studio Version 17
VisualStudioVersion = 17.4.33110.190
MinimumVisualStudioVersion = 10.0.40219.1
Project("{FAE04EC0-301F-11D3-BF4B-00C04F79EFBC}") = "TARROUX_Arthu_DS3", "TARROUX_Arthu_DS3\TARROUX_Arthu_DS3.csproj", "{FA715267-0B2E-416F-BCAD-A86D3FD4DEDA}"
EndProject
Global
	GlobalSection(SolutionConfigurationPlatforms) = preSolution
		Debug|Any CPU = Debug|Any CPU
		Release|Any CPU = Release|Any CPU
	EndGlobalSection
	GlobalSection(ProjectConfigurationPlatforms) = postSolution
		{FA715267-0B2E-416F-BCAD-A86D3FD4DEDA}.Debug|Any CPU.ActiveCfg = Debug|Any CPU
		{FA715267-0B2E-416F-BCAD-A86D3FD4DEDA}.Debug|Any CPU.Build.0 = Debug|Any CPU
		{FA715267-0B2E-416F-BCAD-A86D3FD4DEDA}.Release|Any CPU.ActiveCfg = Release|Any CPU
		{FA715267-0B2E-416F-BCAD-A86D3FD4DEDA}.Release|Any CPU.Build.0 = Release|Any CPU
	EndGlobalSection
	GlobalSection(SolutionProperties) = preSolution
		HideSolutionNode = FALSE
	EndGlobalSection
	GlobalSection(ExtensibilityGlobals) = postSolution
		SolutionGuid = {181EA6F5-A72D-4AF8-A147-BFBEEF4385D0}
	EndGlobalSection
EndGlobal
